Microsoft Visual Studio Solution File, Format Version 12.00
# Visual Studio Version 17
VisualStudioVersion = 17.5.2.0
MinimumVisualStudioVersion = 10.0.40219.1
Project("{FAE04EC0-301F-11D3-BF4B-00C04F79EFBC}") = "AvaloniaApp1", "AvaloniaApp1.csproj", "{74F42305-AED1-E65C-551C-4DD3D51B2544}"
EndProject
Global
	GlobalSection(SolutionConfigurationPlatforms) = preSolution
		Debug|Any CPU = Debug|Any CPU
		Release|Any CPU = Release|Any CPU
	EndGlobalSection
	GlobalSection(ProjectConfigurationPlatforms) = postSolution
		{74F42305-AED1-E65C-551C-4DD3D51B2544}.Debug|Any CPU.ActiveCfg = Debug|Any CPU
		{74F42305-AED1-E65C-551C-4DD3D51B2544}.Debug|Any CPU.Build.0 = Debug|Any CPU
		{74F42305-AED1-E65C-551C-4DD3D51B2544}.Release|Any CPU.ActiveCfg = Release|Any CPU
		{74F42305-AED1-E65C-551C-4DD3D51B2544}.Release|Any CPU.Build.0 = Release|Any CPU
	EndGlobalSection
	GlobalSection(SolutionProperties) = preSolution
		HideSolutionNode = FALSE
	EndGlobalSection
	GlobalSection(ExtensibilityGlobals) = postSolution
		SolutionGuid = {F66A68FE-4B52-4BC1-A87A-D517A3340093}
	EndGlobalSection
EndGlobal
